
Microsoft Visual Studio Solution File, Format Version 12.00
# Visual Studio Version 17
VisualStudioVersion = 17.2.32526.322
MinimumVisualStudioVersion = 10.0.40219.1
Project("{9A19103F-16F7-4668-BE54-9A1E7A4F7556}") = "Kae.XTUML.Tools.Generator.DTDL", "Kae.XTUML.Tools.Generator.DTDL\Kae.XTUML.Tools.Generator.DTDL.csproj", "{1CB1C06D-A135-47E8-8E5F-07AEA58C4787}"
EndProject
Project("{9A19103F-16F7-4668-BE54-9A1E7A4F7556}") = "ConsoleAppDTDLGenerator", "ConsoleAppDTDLGenerator\ConsoleAppDTDLGenerator.csproj", "{81FDD5CE-F2C1-40B0-8C5C-920AC002516F}"
EndProject
Project("{9A19103F-16F7-4668-BE54-9A1E7A4F7556}") = "Kae.XTUML.Tools.WpfAppDTDLGenerator", "Kae.XTUML.Tools.WpfAppDTDLGenerator\Kae.XTUML.Tools.WpfAppDTDLGenerator.csproj", "{37619B57-4D05-4D3E-9D8A-38BB2CE9DAC3}"
EndProject
Global
	GlobalSection(SolutionConfigurationPlatforms) = preSolution
		Debug|Any CPU = Debug|Any CPU
		Release|Any CPU = Release|Any CPU
	EndGlobalSection
	GlobalSection(ProjectConfigurationPlatforms) = postSolution
		{1CB1C06D-A135-47E8-8E5F-07AEA58C4787}.Debug|Any CPU.ActiveCfg = Debug|Any CPU
		{1CB1C06D-A135-47E8-8E5F-07AEA58C4787}.Debug|Any CPU.Build.0 = Debug|Any CPU
		{1CB1C06D-A135-47E8-8E5F-07AEA58C4787}.Release|Any CPU.ActiveCfg = Release|Any CPU
		{1CB1C06D-A135-47E8-8E5F-07AEA58C4787}.Release|Any CPU.Build.0 = Release|Any CPU
		{81FDD5CE-F2C1-40B0-8C5C-920AC002516F}.Debug|Any CPU.ActiveCfg = Debug|Any CPU
		{81FDD5CE-F2C1-40B0-8C5C-920AC002516F}.Debug|Any CPU.Build.0 = Debug|Any CPU
		{81FDD5CE-F2C1-40B0-8C5C-920AC002516F}.Release|Any CPU.ActiveCfg = Release|Any CPU
		{81FDD5CE-F2C1-40B0-8C5C-920AC002516F}.Release|Any CPU.Build.0 = Release|Any CPU
		{37619B57-4D05-4D3E-9D8A-38BB2CE9DAC3}.Debug|Any CPU.ActiveCfg = Debug|Any CPU
		{37619B57-4D05-4D3E-9D8A-38BB2CE9DAC3}.Debug|Any CPU.Build.0 = Debug|Any CPU
		{37619B57-4D05-4D3E-9D8A-38BB2CE9DAC3}.Release|Any CPU.ActiveCfg = Release|Any CPU
		{37619B57-4D05-4D3E-9D8A-38BB2CE9DAC3}.Release|Any CPU.Build.0 = Release|Any CPU
	EndGlobalSection
	GlobalSection(SolutionProperties) = preSolution
		HideSolutionNode = FALSE
	EndGlobalSection
	GlobalSection(ExtensibilityGlobals) = postSolution
		SolutionGuid = {C7BB02F3-9A36-4D07-8711-4A7F45E97F7B}
	EndGlobalSection
EndGlobal
